# This file is automatically @generated by Poetry 1.6.1 and should not be changed by hand.

[[package]]
name = "pypdf"
version = "3.16.4"
description = "A pure-python PDF library capable of splitting, merging, cropping, and transforming PDF files"
optional = false
python-versions = ">=3.6"
files = [
    {file = "pypdf-3.16.4-py3-none-any.whl", hash = "sha256:a9b1eaf2db4c2edd93093470d33c3f353235c4a694f8a426a92a8ce77cea9eb7"},
    {file = "pypdf-3.16.4.tar.gz", hash = "sha256:01927771b562d4ba84939ef95b393f0179166da786c5db710d07f807c52f480d"},
]

[package.extras]
crypto = ["PyCryptodome", "cryptography"]
dev = ["black", "flit", "pip-tools", "pre-commit (<2.18.0)", "pytest-cov", "pytest-socket", "pytest-timeout", "wheel"]
docs = ["myst_parser", "sphinx", "sphinx_rtd_theme"]
full = ["Pillow (>=8.0.0)", "PyCryptodome", "cryptography"]
image = ["Pillow (>=8.0.0)"]

[metadata]
lock-version = "2.0"
python-versions = "^3.11"
content-hash = "022e53a671cda5f8cbc2214cf11dc9dba5a5e671940c004d388a115f9c459266"
